
Microsoft Visual Studio Solution File, Format Version 12.00
# Visual Studio Version 17
VisualStudioVersion = 17.9.34723.18
MinimumVisualStudioVersion = 10.0.40219.1
Project("{FAE04EC0-301F-11D3-BF4B-00C04F79EFBC}") = "Electromania", "Electromania\Electromania.csproj", "{FE11F07A-74E4-4D75-9496-356DB93BCA90}"
EndProject
Global
	GlobalSection(SolutionConfigurationPlatforms) = preSolution
		Debug|Any CPU = Debug|Any CPU
		Release|Any CPU = Release|Any CPU
	EndGlobalSection
	GlobalSection(ProjectConfigurationPlatforms) = postSolution
		{FE11F07A-74E4-4D75-9496-356DB93BCA90}.Debug|Any CPU.ActiveCfg = Debug|Any CPU
		{FE11F07A-74E4-4D75-9496-356DB93BCA90}.Debug|Any CPU.Build.0 = Debug|Any CPU
		{FE11F07A-74E4-4D75-9496-356DB93BCA90}.Release|Any CPU.ActiveCfg = Release|Any CPU
		{FE11F07A-74E4-4D75-9496-356DB93BCA90}.Release|Any CPU.Build.0 = Release|Any CPU
	EndGlobalSection
	GlobalSection(SolutionProperties) = preSolution
		HideSolutionNode = FALSE
	EndGlobalSection
	GlobalSection(ExtensibilityGlobals) = postSolution
		SolutionGuid = {E62EE22C-5A86-45D8-94BD-B678815C926A}
	EndGlobalSection
EndGlobal
